
Microsoft Visual Studio Solution File, Format Version 12.00
# Visual Studio 2013
VisualStudioVersion = 12.0.30501.0
MinimumVisualStudioVersion = 10.0.40219.1
Project("{8BC9CEB8-8B4A-11D0-8D11-00A0C91BC942}") = "静态变量和静态类", "静态变量和静态类\静态变量和静态类.vcxproj", "{0AAFAC2A-4571-4A93-BD33-7599D2F590AB}"
EndProject
Global
	GlobalSection(SolutionConfigurationPlatforms) = preSolution
		Debug|Win32 = Debug|Win32
		Release|Win32 = Release|Win32
	EndGlobalSection
	GlobalSection(ProjectConfigurationPlatforms) = postSolution
		{0AAFAC2A-4571-4A93-BD33-7599D2F590AB}.Debug|Win32.ActiveCfg = Debug|Win32
		{0AAFAC2A-4571-4A93-BD33-7599D2F590AB}.Debug|Win32.Build.0 = Debug|Win32
		{0AAFAC2A-4571-4A93-BD33-7599D2F590AB}.Release|Win32.ActiveCfg = Release|Win32
		{0AAFAC2A-4571-4A93-BD33-7599D2F590AB}.Release|Win32.Build.0 = Release|Win32
	EndGlobalSection
	GlobalSection(SolutionProperties) = preSolution
		HideSolutionNode = FALSE
	EndGlobalSection
EndGlobal
