
Microsoft Visual Studio Solution File, Format Version 12.00
# Visual Studio 2013
VisualStudioVersion = 12.0.30501.0
MinimumVisualStudioVersion = 10.0.40219.1
Project("{8BC9CEB8-8B4A-11D0-8D11-00A0C91BC942}") = "3.11 继承和派生", "3.11 继承和派生\3.11 继承和派生.vcxproj", "{521E0422-6E75-4B76-8B92-E145C7AD0F81}"
EndProject
Global
	GlobalSection(SolutionConfigurationPlatforms) = preSolution
		Debug|Win32 = Debug|Win32
		Release|Win32 = Release|Win32
	EndGlobalSection
	GlobalSection(ProjectConfigurationPlatforms) = postSolution
		{521E0422-6E75-4B76-8B92-E145C7AD0F81}.Debug|Win32.ActiveCfg = Debug|Win32
		{521E0422-6E75-4B76-8B92-E145C7AD0F81}.Debug|Win32.Build.0 = Debug|Win32
		{521E0422-6E75-4B76-8B92-E145C7AD0F81}.Release|Win32.ActiveCfg = Release|Win32
		{521E0422-6E75-4B76-8B92-E145C7AD0F81}.Release|Win32.Build.0 = Release|Win32
	EndGlobalSection
	GlobalSection(SolutionProperties) = preSolution
		HideSolutionNode = FALSE
	EndGlobalSection
EndGlobal
