
Microsoft Visual Studio Solution File, Format Version 12.00
# Visual Studio 2013
VisualStudioVersion = 12.0.30501.0
MinimumVisualStudioVersion = 10.0.40219.1
Project("{8BC9CEB8-8B4A-11D0-8D11-00A0C91BC942}") = "3.18 demo", "3.18 demo\3.18 demo.vcxproj", "{44871677-4D2C-489B-8E87-45B0C3C9B45F}"
EndProject
Global
	GlobalSection(SolutionConfigurationPlatforms) = preSolution
		Debug|Win32 = Debug|Win32
		Release|Win32 = Release|Win32
	EndGlobalSection
	GlobalSection(ProjectConfigurationPlatforms) = postSolution
		{44871677-4D2C-489B-8E87-45B0C3C9B45F}.Debug|Win32.ActiveCfg = Debug|Win32
		{44871677-4D2C-489B-8E87-45B0C3C9B45F}.Debug|Win32.Build.0 = Debug|Win32
		{44871677-4D2C-489B-8E87-45B0C3C9B45F}.Release|Win32.ActiveCfg = Release|Win32
		{44871677-4D2C-489B-8E87-45B0C3C9B45F}.Release|Win32.Build.0 = Release|Win32
	EndGlobalSection
	GlobalSection(SolutionProperties) = preSolution
		HideSolutionNode = FALSE
	EndGlobalSection
EndGlobal
